
Microsoft Visual Studio Solution File, Format Version 12.00
# Visual Studio Version 17
VisualStudioVersion = 17.1.32328.378
MinimumVisualStudioVersion = 10.0.40219.1
Project("{FAE04EC0-301F-11D3-BF4B-00C04F79EFBC}") = "TestSchedule", "TestSchedule.csproj", "{5CD6A5EF-EDD0-4349-A5D5-6043BAF48D47}"
EndProject
Global
	GlobalSection(SolutionConfigurationPlatforms) = preSolution
		Debug|Any CPU = Debug|Any CPU
		Release|Any CPU = Release|Any CPU
	EndGlobalSection
	GlobalSection(ProjectConfigurationPlatforms) = postSolution
		{5CD6A5EF-EDD0-4349-A5D5-6043BAF48D47}.Debug|Any CPU.ActiveCfg = Debug|Any CPU
		{5CD6A5EF-EDD0-4349-A5D5-6043BAF48D47}.Debug|Any CPU.Build.0 = Debug|Any CPU
		{5CD6A5EF-EDD0-4349-A5D5-6043BAF48D47}.Release|Any CPU.ActiveCfg = Release|Any CPU
		{5CD6A5EF-EDD0-4349-A5D5-6043BAF48D47}.Release|Any CPU.Build.0 = Release|Any CPU
	EndGlobalSection
	GlobalSection(SolutionProperties) = preSolution
		HideSolutionNode = FALSE
	EndGlobalSection
	GlobalSection(ExtensibilityGlobals) = postSolution
		SolutionGuid = {BC28AB23-6CD7-495D-B6D0-8168EDFEE8EE}
	EndGlobalSection
EndGlobal
